
Microsoft Visual Studio Solution File, Format Version 12.00
# Visual Studio 15
VisualStudioVersion = 15.0.26124.0
MinimumVisualStudioVersion = 15.0.26124.0
Project("{2150E333-8FDC-42A3-9474-1A3956D46DE8}") = "src", "src", "{C1FD5071-5244-439E-BBD9-60303A718DF6}"
EndProject
Project("{F2A71F9B-5D33-465A-A702-920D77279786}") = "Engine", "src\Engine\Engine.fsproj", "{37BFDF30-290C-4CF1-8CAD-0DAD58BF4AD4}"
EndProject
Project("{F2A71F9B-5D33-465A-A702-920D77279786}") = "Server", "src\Server\Server.fsproj", "{A807702A-5D92-4F75-993B-3264D8000B1C}"
EndProject
Global
	GlobalSection(SolutionConfigurationPlatforms) = preSolution
		Debug|Any CPU = Debug|Any CPU
		Debug|x64 = Debug|x64
		Debug|x86 = Debug|x86
		Release|Any CPU = Release|Any CPU
		Release|x64 = Release|x64
		Release|x86 = Release|x86
	EndGlobalSection
	GlobalSection(SolutionProperties) = preSolution
		HideSolutionNode = FALSE
	EndGlobalSection
	GlobalSection(ProjectConfigurationPlatforms) = postSolution
		{37BFDF30-290C-4CF1-8CAD-0DAD58BF4AD4}.Debug|Any CPU.ActiveCfg = Debug|Any CPU
		{37BFDF30-290C-4CF1-8CAD-0DAD58BF4AD4}.Debug|Any CPU.Build.0 = Debug|Any CPU
		{37BFDF30-290C-4CF1-8CAD-0DAD58BF4AD4}.Debug|x64.ActiveCfg = Debug|Any CPU
		{37BFDF30-290C-4CF1-8CAD-0DAD58BF4AD4}.Debug|x64.Build.0 = Debug|Any CPU
		{37BFDF30-290C-4CF1-8CAD-0DAD58BF4AD4}.Debug|x86.ActiveCfg = Debug|Any CPU
		{37BFDF30-290C-4CF1-8CAD-0DAD58BF4AD4}.Debug|x86.Build.0 = Debug|Any CPU
		{37BFDF30-290C-4CF1-8CAD-0DAD58BF4AD4}.Release|Any CPU.ActiveCfg = Release|Any CPU
		{37BFDF30-290C-4CF1-8CAD-0DAD58BF4AD4}.Release|Any CPU.Build.0 = Release|Any CPU
		{37BFDF30-290C-4CF1-8CAD-0DAD58BF4AD4}.Release|x64.ActiveCfg = Release|Any CPU
		{37BFDF30-290C-4CF1-8CAD-0DAD58BF4AD4}.Release|x64.Build.0 = Release|Any CPU
		{37BFDF30-290C-4CF1-8CAD-0DAD58BF4AD4}.Release|x86.ActiveCfg = Release|Any CPU
		{37BFDF30-290C-4CF1-8CAD-0DAD58BF4AD4}.Release|x86.Build.0 = Release|Any CPU
		{A807702A-5D92-4F75-993B-3264D8000B1C}.Debug|Any CPU.ActiveCfg = Debug|Any CPU
		{A807702A-5D92-4F75-993B-3264D8000B1C}.Debug|Any CPU.Build.0 = Debug|Any CPU
		{A807702A-5D92-4F75-993B-3264D8000B1C}.Debug|x64.ActiveCfg = Debug|Any CPU
		{A807702A-5D92-4F75-993B-3264D8000B1C}.Debug|x64.Build.0 = Debug|Any CPU
		{A807702A-5D92-4F75-993B-3264D8000B1C}.Debug|x86.ActiveCfg = Debug|Any CPU
		{A807702A-5D92-4F75-993B-3264D8000B1C}.Debug|x86.Build.0 = Debug|Any CPU
		{A807702A-5D92-4F75-993B-3264D8000B1C}.Release|Any CPU.ActiveCfg = Release|Any CPU
		{A807702A-5D92-4F75-993B-3264D8000B1C}.Release|Any CPU.Build.0 = Release|Any CPU
		{A807702A-5D92-4F75-993B-3264D8000B1C}.Release|x64.ActiveCfg = Release|Any CPU
		{A807702A-5D92-4F75-993B-3264D8000B1C}.Release|x64.Build.0 = Release|Any CPU
		{A807702A-5D92-4F75-993B-3264D8000B1C}.Release|x86.ActiveCfg = Release|Any CPU
		{A807702A-5D92-4F75-993B-3264D8000B1C}.Release|x86.Build.0 = Release|Any CPU
	EndGlobalSection
	GlobalSection(NestedProjects) = preSolution
		{37BFDF30-290C-4CF1-8CAD-0DAD58BF4AD4} = {C1FD5071-5244-439E-BBD9-60303A718DF6}
		{A807702A-5D92-4F75-993B-3264D8000B1C} = {C1FD5071-5244-439E-BBD9-60303A718DF6}
	EndGlobalSection
EndGlobal
